// !$*UTF8*$!
{
	archiveVersion = 1;
	classes = {
	};
	objectVersion = 48;
	objects = {

/* Begin PBXBuildFile section */
		295D1FDC200C4C1F00787E2C /* AppDelegate.swift in Sources */ = {isa = PBXBuildFile; fileRef = 295D1FDB200C4C1F00787E2C /* AppDelegate.swift */; };
		295D1FDE200C4C1F00787E2C /* MapViewController.swift in Sources */ = {isa = PBXBuildFile; fileRef = 295D1FDD200C4C1F00787E2C /* MapViewController.swift */; };
		295D1FE1200C4C1F00787E2C /* Main.storyboard in Resources */ = {isa = PBXBuildFile; fileRef = 295D1FDF200C4C1F00787E2C /* Main.storyboard */; };
		295D1FE4200C4C1F00787E2C /* gis_ios.xcdatamodeld in Sources */ = {isa = PBXBuildFile; fileRef = 295D1FE2200C4C1F00787E2C /* gis_ios.xcdatamodeld */; };
		295D1FE6200C4C1F00787E2C /* Assets.xcassets in Resources */ = {isa = PBXBuildFile; fileRef = 295D1FE5200C4C1F00787E2C /* Assets.xcassets */; };
		295D1FE9200C4C1F00787E2C /* LaunchScreen.storyboard in Resources */ = {isa = PBXBuildFile; fileRef = 295D1FE7200C4C1F00787E2C /* LaunchScreen.storyboard */; };
		297DDB882011925F005A26BE /* XMSegmentedControl.swift in Sources */ = {isa = PBXBuildFile; fileRef = 297DDB872011925F005A26BE /* XMSegmentedControl.swift */; };
		297DDB8B201192C3005A26BE /* KnowledgeDetailController.swift in Sources */ = {isa = PBXBuildFile; fileRef = 297DDB8A201192C3005A26BE /* KnowledgeDetailController.swift */; };
		297DDB8D2011E120005A26BE /* PagingController.swift in Sources */ = {isa = PBXBuildFile; fileRef = 297DDB8C2011E120005A26BE /* PagingController.swift */; };
		29805E63200C56F9009DE52B /* ThaiSansNeue_Bold.ttf in Resources */ = {isa = PBXBuildFile; fileRef = 29805E61200C56F8009DE52B /* ThaiSansNeue_Bold.ttf */; };
		29805E64200C56F9009DE52B /* ThaiSansNeue_Regular.ttf in Resources */ = {isa = PBXBuildFile; fileRef = 29805E62200C56F9009DE52B /* ThaiSansNeue_Regular.ttf */; };
		29805E66200C57BB009DE52B /* UIColor.swift in Sources */ = {isa = PBXBuildFile; fileRef = 29805E65200C57BB009DE52B /* UIColor.swift */; };
		29805E6B200C601C009DE52B /* UIViewController.swift in Sources */ = {isa = PBXBuildFile; fileRef = 29805E6A200C601C009DE52B /* UIViewController.swift */; };
		29805E6D200C7B86009DE52B /* ExtensionMenu.swift in Sources */ = {isa = PBXBuildFile; fileRef = 29805E6C200C7B86009DE52B /* ExtensionMenu.swift */; };
		29805E76200C7DA9009DE52B /* MenuCell.swift in Sources */ = {isa = PBXBuildFile; fileRef = 29805E74200C7DA9009DE52B /* MenuCell.swift */; };
		29805E77200C7DA9009DE52B /* MenuCell.xib in Resources */ = {isa = PBXBuildFile; fileRef = 29805E75200C7DA9009DE52B /* MenuCell.xib */; };
		29805E79200C7EC9009DE52B /* UICollectionView.swift in Sources */ = {isa = PBXBuildFile; fileRef = 29805E78200C7EC9009DE52B /* UICollectionView.swift */; };
		29805E7B200C9CD2009DE52B /* Knowledge.storyboard in Resources */ = {isa = PBXBuildFile; fileRef = 29805E7A200C9CD2009DE52B /* Knowledge.storyboard */; };
		29805E7D200C9E09009DE52B /* KnowledgeController.swift in Sources */ = {isa = PBXBuildFile; fileRef = 29805E7C200C9E09009DE52B /* KnowledgeController.swift */; };
		29805E81200CAA02009DE52B /* KnowledgeCell.swift in Sources */ = {isa = PBXBuildFile; fileRef = 29805E7F200CAA02009DE52B /* KnowledgeCell.swift */; };
		29805E82200CAA02009DE52B /* KnowledgeCell.xib in Resources */ = {isa = PBXBuildFile; fileRef = 29805E80200CAA02009DE52B /* KnowledgeCell.xib */; };
		29805E84200CACF2009DE52B /* UIFont.swift in Sources */ = {isa = PBXBuildFile; fileRef = 29805E83200CACF2009DE52B /* UIFont.swift */; };
		29805E86200CAF28009DE52B /* UITableView.swift in Sources */ = {isa = PBXBuildFile; fileRef = 29805E85200CAF28009DE52B /* UITableView.swift */; };
		298136C72019C94D00044998 /* CreateAreaController.swift in Sources */ = {isa = PBXBuildFile; fileRef = 298136C62019C94D00044998 /* CreateAreaController.swift */; };
		2981E73320183D9E00E64470 /* KnowledgeSelectCell.swift in Sources */ = {isa = PBXBuildFile; fileRef = 2981E73120183D9E00E64470 /* KnowledgeSelectCell.swift */; };
		2981E73420183D9E00E64470 /* KnowledgeSelectCell.xib in Resources */ = {isa = PBXBuildFile; fileRef = 2981E73220183D9E00E64470 /* KnowledgeSelectCell.xib */; };
		2983973520205AD80072EC10 /* SimpleViewController.swift in Sources */ = {isa = PBXBuildFile; fileRef = 2983973420205AD80072EC10 /* SimpleViewController.swift */; };
		2983973A202064120072EC10 /* GoogleMapsCore.framework in Resources */ = {isa = PBXBuildFile; fileRef = 298397372020640C0072EC10 /* GoogleMapsCore.framework */; };
		2983973D202064A20072EC10 /* GoogleMaps.bundle in Resources */ = {isa = PBXBuildFile; fileRef = 2983973C202064A10072EC10 /* GoogleMaps.bundle */; };
		298AFF5A200DDF5E008C0229 /* Download.storyboard in Resources */ = {isa = PBXBuildFile; fileRef = 298AFF59200DDF5E008C0229 /* Download.storyboard */; };
		298AFF5C200DE59E008C0229 /* DownloadController.swift in Sources */ = {isa = PBXBuildFile; fileRef = 298AFF5B200DE59E008C0229 /* DownloadController.swift */; };
		298AFF60200DEF0F008C0229 /* DownloadCell.swift in Sources */ = {isa = PBXBuildFile; fileRef = 298AFF5E200DEF0F008C0229 /* DownloadCell.swift */; };
		298AFF61200DEF0F008C0229 /* DownloadCell.xib in Resources */ = {isa = PBXBuildFile; fileRef = 298AFF5F200DEF0F008C0229 /* DownloadCell.xib */; };
		298AFF63200DF728008C0229 /* DownloadDetailController.swift in Sources */ = {isa = PBXBuildFile; fileRef = 298AFF62200DF728008C0229 /* DownloadDetailController.swift */; };
		299C50252015CAD60030BE70 /* MyMapController.swift in Sources */ = {isa = PBXBuildFile; fileRef = 299C50242015CAD60030BE70 /* MyMapController.swift */; };
		29A03859201B2E8B002C889C /* MyMapDetailController.swift in Sources */ = {isa = PBXBuildFile; fileRef = 29A03858201B2E8B002C889C /* MyMapDetailController.swift */; };
		29E2BFC92020714D000572DB /* GoogleMapsM4B.framework in Frameworks */ = {isa = PBXBuildFile; fileRef = 29E2BFC82020714D000572DB /* GoogleMapsM4B.framework */; };
		29E2BFCE20207396000572DB /* FilterItemCell.swift in Sources */ = {isa = PBXBuildFile; fileRef = 29E2BFCC20207396000572DB /* FilterItemCell.swift */; };
		29E2BFCF20207396000572DB /* FilterItemCell.xib in Resources */ = {isa = PBXBuildFile; fileRef = 29E2BFCD20207396000572DB /* FilterItemCell.xib */; };
		29E2BFD6202074C5000572DB /* FilterSectionCell.swift in Sources */ = {isa = PBXBuildFile; fileRef = 29E2BFD4202074C5000572DB /* FilterSectionCell.swift */; };
		29E2BFD7202074C5000572DB /* FilterSectionCell.xib in Resources */ = {isa = PBXBuildFile; fileRef = 29E2BFD5202074C5000572DB /* FilterSectionCell.xib */; };
		2A7370D8768170C43588DDD0 /* Pods_gis_ios.framework in Frameworks */ = {isa = PBXBuildFile; fileRef = 3EBA9EE16F0F86FE41332501 /* Pods_gis_ios.framework */; };
/* End PBXBuildFile section */

/* Begin PBXFileReference section */
		295D1FD8200C4C1F00787E2C /* gis-ios.app */ = {isa = PBXFileReference; explicitFileType = wrapper.application; includeInIndex = 0; path = "gis-ios.app"; sourceTree = BUILT_PRODUCTS_DIR; };
		295D1FDB200C4C1F00787E2C /* AppDelegate.swift */ = {isa = PBXFileReference; lastKnownFileType = sourcecode.swift; path = AppDelegate.swift; sourceTree = "<group>"; };
		295D1FDD200C4C1F00787E2C /* MapViewController.swift */ = {isa = PBXFileReference; lastKnownFileType = sourcecode.swift; path = MapViewController.swift; sourceTree = "<group>"; };
		295D1FE0200C4C1F00787E2C /* Base */ = {isa = PBXFileReference; lastKnownFileType = file.storyboard; name = Base; path = Base.lproj/Main.storyboard; sourceTree = "<group>"; };
		295D1FE3200C4C1F00787E2C /* gis_ios.xcdatamodel */ = {isa = PBXFileReference; lastKnownFileType = wrapper.xcdatamodel; path = gis_ios.xcdatamodel; sourceTree = "<group>"; };
		295D1FE5200C4C1F00787E2C /* Assets.xcassets */ = {isa = PBXFileReference; lastKnownFileType = folder.assetcatalog; path = Assets.xcassets; sourceTree = "<group>"; };
		295D1FE8200C4C1F00787E2C /* Base */ = {isa = PBXFileReference; lastKnownFileType = file.storyboard; name = Base; path = Base.lproj/LaunchScreen.storyboard; sourceTree = "<group>"; };
		295D1FEA200C4C1F00787E2C /* Info.plist */ = {isa = PBXFileReference; lastKnownFileType = text.plist.xml; path = Info.plist; sourceTree = "<group>"; };
		297DDB872011925F005A26BE /* XMSegmentedControl.swift */ = {isa = PBXFileReference; fileEncoding = 4; lastKnownFileType = sourcecode.swift; path = XMSegmentedControl.swift; sourceTree = "<group>"; };
		297DDB8A201192C3005A26BE /* KnowledgeDetailController.swift */ = {isa = PBXFileReference; lastKnownFileType = sourcecode.swift; path = KnowledgeDetailController.swift; sourceTree = "<group>"; };
		297DDB8C2011E120005A26BE /* PagingController.swift */ = {isa = PBXFileReference; lastKnownFileType = sourcecode.swift; path = PagingController.swift; sourceTree = "<group>"; };
		29805E61200C56F8009DE52B /* ThaiSansNeue_Bold.ttf */ = {isa = PBXFileReference; lastKnownFileType = file; path = ThaiSansNeue_Bold.ttf; sourceTree = "<group>"; };
		29805E62200C56F9009DE52B /* ThaiSansNeue_Regular.ttf */ = {isa = PBXFileReference; lastKnownFileType = file; path = ThaiSansNeue_Regular.ttf; sourceTree = "<group>"; };
		29805E65200C57BB009DE52B /* UIColor.swift */ = {isa = PBXFileReference; lastKnownFileType = sourcecode.swift; path = UIColor.swift; sourceTree = "<group>"; };
		29805E6A200C601C009DE52B /* UIViewController.swift */ = {isa = PBXFileReference; lastKnownFileType = sourcecode.swift; path = UIViewController.swift; sourceTree = "<group>"; };
		29805E6C200C7B86009DE52B /* ExtensionMenu.swift */ = {isa = PBXFileReference; lastKnownFileType = sourcecode.swift; path = ExtensionMenu.swift; sourceTree = "<group>"; };
		29805E74200C7DA9009DE52B /* MenuCell.swift */ = {isa = PBXFileReference; lastKnownFileType = sourcecode.swift; path = MenuCell.swift; sourceTree = "<group>"; };
		29805E75200C7DA9009DE52B /* MenuCell.xib */ = {isa = PBXFileReference; lastKnownFileType = file.xib; path = MenuCell.xib; sourceTree = "<group>"; };
		29805E78200C7EC9009DE52B /* UICollectionView.swift */ = {isa = PBXFileReference; lastKnownFileType = sourcecode.swift; path = UICollectionView.swift; sourceTree = "<group>"; };
		29805E7A200C9CD2009DE52B /* Knowledge.storyboard */ = {isa = PBXFileReference; lastKnownFileType = file.storyboard; path = Knowledge.storyboard; sourceTree = "<group>"; };
		29805E7C200C9E09009DE52B /* KnowledgeController.swift */ = {isa = PBXFileReference; lastKnownFileType = sourcecode.swift; path = KnowledgeController.swift; sourceTree = "<group>"; };
		29805E7F200CAA02009DE52B /* KnowledgeCell.swift */ = {isa = PBXFileReference; lastKnownFileType = sourcecode.swift; path = KnowledgeCell.swift; sourceTree = "<group>"; };
		29805E80200CAA02009DE52B /* KnowledgeCell.xib */ = {isa = PBXFileReference; lastKnownFileType = file.xib; path = KnowledgeCell.xib; sourceTree = "<group>"; };
		29805E83200CACF2009DE52B /* UIFont.swift */ = {isa = PBXFileReference; lastKnownFileType = sourcecode.swift; path = UIFont.swift; sourceTree = "<group>"; };
		29805E85200CAF28009DE52B /* UITableView.swift */ = {isa = PBXFileReference; lastKnownFileType = sourcecode.swift; path = UITableView.swift; sourceTree = "<group>"; };
		298136C62019C94D00044998 /* CreateAreaController.swift */ = {isa = PBXFileReference; lastKnownFileType = sourcecode.swift; path = CreateAreaController.swift; sourceTree = "<group>"; };
		2981E73120183D9E00E64470 /* KnowledgeSelectCell.swift */ = {isa = PBXFileReference; lastKnownFileType = sourcecode.swift; path = KnowledgeSelectCell.swift; sourceTree = "<group>"; };
		2981E73220183D9E00E64470 /* KnowledgeSelectCell.xib */ = {isa = PBXFileReference; lastKnownFileType = file.xib; path = KnowledgeSelectCell.xib; sourceTree = "<group>"; };
		2983973420205AD80072EC10 /* SimpleViewController.swift */ = {isa = PBXFileReference; lastKnownFileType = sourcecode.swift; path = SimpleViewController.swift; sourceTree = "<group>"; };
		298397372020640C0072EC10 /* GoogleMapsCore.framework */ = {isa = PBXFileReference; lastKnownFileType = wrapper.framework; path = GoogleMapsCore.framework; sourceTree = "<group>"; };
		2983973C202064A10072EC10 /* GoogleMaps.bundle */ = {isa = PBXFileReference; lastKnownFileType = "wrapper.plug-in"; path = GoogleMaps.bundle; sourceTree = "<group>"; };
		298AFF59200DDF5E008C0229 /* Download.storyboard */ = {isa = PBXFileReference; lastKnownFileType = file.storyboard; path = Download.storyboard; sourceTree = "<group>"; };
		298AFF5B200DE59E008C0229 /* DownloadController.swift */ = {isa = PBXFileReference; lastKnownFileType = sourcecode.swift; path = DownloadController.swift; sourceTree = "<group>"; };
		298AFF5E200DEF0F008C0229 /* DownloadCell.swift */ = {isa = PBXFileReference; lastKnownFileType = sourcecode.swift; path = DownloadCell.swift; sourceTree = "<group>"; };
		298AFF5F200DEF0F008C0229 /* DownloadCell.xib */ = {isa = PBXFileReference; lastKnownFileType = file.xib; path = DownloadCell.xib; sourceTree = "<group>"; };
		298AFF62200DF728008C0229 /* DownloadDetailController.swift */ = {isa = PBXFileReference; lastKnownFileType = sourcecode.swift; path = DownloadDetailController.swift; sourceTree = "<group>"; };
		299C50242015CAD60030BE70 /* MyMapController.swift */ = {isa = PBXFileReference; lastKnownFileType = sourcecode.swift; path = MyMapController.swift; sourceTree = "<group>"; };
		29A03858201B2E8B002C889C /* MyMapDetailController.swift */ = {isa = PBXFileReference; lastKnownFileType = sourcecode.swift; path = MyMapDetailController.swift; sourceTree = "<group>"; };
		29DA6B8B2020702700E273D4 /* GoogleMaps.framework */ = {isa = PBXFileReference; lastKnownFileType = wrapper.framework; path = GoogleMaps.framework; sourceTree = "<group>"; };
		29E2BFC82020714D000572DB /* GoogleMapsM4B.framework */ = {isa = PBXFileReference; lastKnownFileType = wrapper.framework; path = GoogleMapsM4B.framework; sourceTree = "<group>"; };
		29E2BFCC20207396000572DB /* FilterItemCell.swift */ = {isa = PBXFileReference; lastKnownFileType = sourcecode.swift; path = FilterItemCell.swift; sourceTree = "<group>"; };
		29E2BFCD20207396000572DB /* FilterItemCell.xib */ = {isa = PBXFileReference; lastKnownFileType = file.xib; path = FilterItemCell.xib; sourceTree = "<group>"; };
		29E2BFD4202074C5000572DB /* FilterSectionCell.swift */ = {isa = PBXFileReference; lastKnownFileType = sourcecode.swift; path = FilterSectionCell.swift; sourceTree = "<group>"; };
		29E2BFD5202074C5000572DB /* FilterSectionCell.xib */ = {isa = PBXFileReference; lastKnownFileType = file.xib; path = FilterSectionCell.xib; sourceTree = "<group>"; };
		3EBA9EE16F0F86FE41332501 /* Pods_gis_ios.framework */ = {isa = PBXFileReference; explicitFileType = wrapper.framework; includeInIndex = 0; path = Pods_gis_ios.framework; sourceTree = BUILT_PRODUCTS_DIR; };
		6DEF805261AC1EFDE370746D /* Pods-gis-ios.release.xcconfig */ = {isa = PBXFileReference; includeInIndex = 1; lastKnownFileType = text.xcconfig; name = "Pods-gis-ios.release.xcconfig"; path = "Pods/Target Support Files/Pods-gis-ios/Pods-gis-ios.release.xcconfig"; sourceTree = "<group>"; };
		B84B3A8249ED09F0C38D8763 /* Pods-gis-ios.debug.xcconfig */ = {isa = PBXFileReference; includeInIndex = 1; lastKnownFileType = text.xcconfig; name = "Pods-gis-ios.debug.xcconfig"; path = "Pods/Target Support Files/Pods-gis-ios/Pods-gis-ios.debug.xcconfig"; sourceTree = "<group>"; };
/* End PBXFileReference section */

/* Begin PBXFrameworksBuildPhase section */
		295D1FD5200C4C1F00787E2C /* Frameworks */ = {
			isa = PBXFrameworksBuildPhase;
			buildActionMask = 2147483647;
			files = (
				29E2BFC92020714D000572DB /* GoogleMapsM4B.framework in Frameworks */,
				2A7370D8768170C43588DDD0 /* Pods_gis_ios.framework in Frameworks */,
			);
			runOnlyForDeploymentPostprocessing = 0;
		};
/* End PBXFrameworksBuildPhase section */

/* Begin PBXGroup section */
		134C4E0C034652EE6D7B4797 /* Pods */ = {
			isa = PBXGroup;
			children = (
				B84B3A8249ED09F0C38D8763 /* Pods-gis-ios.debug.xcconfig */,
				6DEF805261AC1EFDE370746D /* Pods-gis-ios.release.xcconfig */,
			);
			name = Pods;
			sourceTree = "<group>";
		};
		295D1FCF200C4C1F00787E2C = {
			isa = PBXGroup;
			children = (
				2983973C202064A10072EC10 /* GoogleMaps.bundle */,
				29DA6B8B2020702700E273D4 /* GoogleMaps.framework */,
				298397372020640C0072EC10 /* GoogleMapsCore.framework */,
				29E2BFC82020714D000572DB /* GoogleMapsM4B.framework */,
				295D1FDA200C4C1F00787E2C /* gis-ios */,
				295D1FD9200C4C1F00787E2C /* Products */,
				134C4E0C034652EE6D7B4797 /* Pods */,
				7196560DAC87AF20DF1576D2 /* Frameworks */,
			);
			sourceTree = "<group>";
		};
		295D1FD9200C4C1F00787E2C /* Products */ = {
			isa = PBXGroup;
			children = (
				295D1FD8200C4C1F00787E2C /* gis-ios.app */,
			);
			name = Products;
			sourceTree = "<group>";
		};
		295D1FDA200C4C1F00787E2C /* gis-ios */ = {
			isa = PBXGroup;
			children = (
				295D1FF0200C52D800787E2C /* Storyboard */,
				295D1FF1200C530500787E2C /* Classes */,
				295D1FF2200C531600787E2C /* Extension */,
				295D1FF3200C531E00787E2C /* SupportFiles */,
				295D1FEA200C4C1F00787E2C /* Info.plist */,
				295D1FE2200C4C1F00787E2C /* gis_ios.xcdatamodeld */,
			);
			path = "gis-ios";
			sourceTree = "<group>";
		};
		295D1FF0200C52D800787E2C /* Storyboard */ = {
			isa = PBXGroup;
			children = (
				295D1FDF200C4C1F00787E2C /* Main.storyboard */,
				29805E7A200C9CD2009DE52B /* Knowledge.storyboard */,
				298AFF59200DDF5E008C0229 /* Download.storyboard */,
				295D1FE7200C4C1F00787E2C /* LaunchScreen.storyboard */,
			);
			path = Storyboard;
			sourceTree = "<group>";
		};
		295D1FF1200C530500787E2C /* Classes */ = {
			isa = PBXGroup;
			children = (
				29805E70200C7CE5009DE52B /* Menu */,
				29E2BFCA2020734C000572DB /* Filter */,
				29805E67200C5F01009DE52B /* Maps */,
				29805E68200C5F2E009DE52B /* Knowledges */,
				29805E69200C5F36009DE52B /* Downloads */,
				295D1FDB200C4C1F00787E2C /* AppDelegate.swift */,
			);
			path = Classes;
			sourceTree = "<group>";
		};
		295D1FF2200C531600787E2C /* Extension */ = {
			isa = PBXGroup;
			children = (
				29805E65200C57BB009DE52B /* UIColor.swift */,
				29805E6A200C601C009DE52B /* UIViewController.swift */,
				29805E78200C7EC9009DE52B /* UICollectionView.swift */,
				29805E83200CACF2009DE52B /* UIFont.swift */,
				29805E85200CAF28009DE52B /* UITableView.swift */,
			);
			path = Extension;
			sourceTree = "<group>";
		};
		295D1FF3200C531E00787E2C /* SupportFiles */ = {
			isa = PBXGroup;
			children = (
				297DDB8320119241005A26BE /* Library */,
				29805E60200C56F8009DE52B /* Font */,
				295D1FE5200C4C1F00787E2C /* Assets.xcassets */,
			);
			path = SupportFiles;
			sourceTree = "<group>";
		};
		297DDB8320119241005A26BE /* Library */ = {
			isa = PBXGroup;
			children = (
				2983973E20206E8E0072EC10 /* GoogleMap */,
				297DDB862011925F005A26BE /* XMSegmentedControl */,
			);
			path = Library;
			sourceTree = "<group>";
		};
		297DDB862011925F005A26BE /* XMSegmentedControl */ = {
			isa = PBXGroup;
			children = (
				297DDB872011925F005A26BE /* XMSegmentedControl.swift */,
			);
			path = XMSegmentedControl;
			sourceTree = "<group>";
		};
		29805E60200C56F8009DE52B /* Font */ = {
			isa = PBXGroup;
			children = (
				29805E61200C56F8009DE52B /* ThaiSansNeue_Bold.ttf */,
				29805E62200C56F9009DE52B /* ThaiSansNeue_Regular.ttf */,
			);
			path = Font;
			sourceTree = "<group>";
		};
		29805E67200C5F01009DE52B /* Maps */ = {
			isa = PBXGroup;
			children = (
				295D1FDD200C4C1F00787E2C /* MapViewController.swift */,
				299C50242015CAD60030BE70 /* MyMapController.swift */,
				29A03858201B2E8B002C889C /* MyMapDetailController.swift */,
				298136C62019C94D00044998 /* CreateAreaController.swift */,
				2983973420205AD80072EC10 /* SimpleViewController.swift */,
			);
			path = Maps;
			sourceTree = "<group>";
		};
		29805E68200C5F2E009DE52B /* Knowledges */ = {
			isa = PBXGroup;
			children = (
				29805E7E200CA9DC009DE52B /* Item */,
				29805E7C200C9E09009DE52B /* KnowledgeController.swift */,
				297DDB8A201192C3005A26BE /* KnowledgeDetailController.swift */,
				297DDB8C2011E120005A26BE /* PagingController.swift */,
			);
			path = Knowledges;
			sourceTree = "<group>";
		};
		29805E69200C5F36009DE52B /* Downloads */ = {
			isa = PBXGroup;
			children = (
				298AFF5D200DEEEE008C0229 /* Item */,
				298AFF5B200DE59E008C0229 /* DownloadController.swift */,
				298AFF62200DF728008C0229 /* DownloadDetailController.swift */,
			);
			path = Downloads;
			sourceTree = "<group>";
		};
		29805E70200C7CE5009DE52B /* Menu */ = {
			isa = PBXGroup;
			children = (
				29805E73200C7D82009DE52B /* Item */,
				29805E6C200C7B86009DE52B /* ExtensionMenu.swift */,
			);
			path = Menu;
			sourceTree = "<group>";
		};
		29805E73200C7D82009DE52B /* Item */ = {
			isa = PBXGroup;
			children = (
				29805E74200C7DA9009DE52B /* MenuCell.swift */,
				29805E75200C7DA9009DE52B /* MenuCell.xib */,
			);
			path = Item;
			sourceTree = "<group>";
		};
		29805E7E200CA9DC009DE52B /* Item */ = {
			isa = PBXGroup;
			children = (
				29805E7F200CAA02009DE52B /* KnowledgeCell.swift */,
				29805E80200CAA02009DE52B /* KnowledgeCell.xib */,
				2981E73120183D9E00E64470 /* KnowledgeSelectCell.swift */,
				2981E73220183D9E00E64470 /* KnowledgeSelectCell.xib */,
			);
			path = Item;
			sourceTree = "<group>";
		};
		2983973E20206E8E0072EC10 /* GoogleMap */ = {
			isa = PBXGroup;
			children = (
			);
			path = GoogleMap;
			sourceTree = "<group>";
		};
		298AFF5D200DEEEE008C0229 /* Item */ = {
			isa = PBXGroup;
			children = (
				298AFF5E200DEF0F008C0229 /* DownloadCell.swift */,
				298AFF5F200DEF0F008C0229 /* DownloadCell.xib */,
			);
			path = Item;
			sourceTree = "<group>";
		};
		29E2BFCA2020734C000572DB /* Filter */ = {
			isa = PBXGroup;
			children = (
				29E2BFCB20207362000572DB /* Item */,
			);
			path = Filter;
			sourceTree = "<group>";
		};
		29E2BFCB20207362000572DB /* Item */ = {
			isa = PBXGroup;
			children = (
				29E2BFCC20207396000572DB /* FilterItemCell.swift */,
				29E2BFCD20207396000572DB /* FilterItemCell.xib */,
				29E2BFD4202074C5000572DB /* FilterSectionCell.swift */,
				29E2BFD5202074C5000572DB /* FilterSectionCell.xib */,
			);
			path = Item;
			sourceTree = "<group>";
		};
		7196560DAC87AF20DF1576D2 /* Frameworks */ = {
			isa = PBXGroup;
			children = (
				3EBA9EE16F0F86FE41332501 /* Pods_gis_ios.framework */,
			);
			name = Frameworks;
			sourceTree = "<group>";
		};
/* End PBXGroup section */

/* Begin PBXNativeTarget section */
		295D1FD7200C4C1F00787E2C /* gis-ios */ = {
			isa = PBXNativeTarget;
			buildConfigurationList = 295D1FED200C4C1F00787E2C /* Build configuration list for PBXNativeTarget "gis-ios" */;
			buildPhases = (
				3A66D7B050D56F2B7B3F5F0F /* [CP] Check Pods Manifest.lock */,
				295D1FD4200C4C1F00787E2C /* Sources */,
				295D1FD5200C4C1F00787E2C /* Frameworks */,
				295D1FD6200C4C1F00787E2C /* Resources */,
				FD4C288039F9DC3AE37A919C /* [CP] Embed Pods Frameworks */,
				8A68987C3F4B34C70E0C009F /* [CP] Copy Pods Resources */,
			);
			buildRules = (
			);
			dependencies = (
			);
			name = "gis-ios";
			productName = "gis-ios";
			productReference = 295D1FD8200C4C1F00787E2C /* gis-ios.app */;
			productType = "com.apple.product-type.application";
		};
/* End PBXNativeTarget section */

/* Begin PBXProject section */
		295D1FD0200C4C1F00787E2C /* Project object */ = {
			isa = PBXProject;
			attributes = {
				LastSwiftUpdateCheck = 0920;
				LastUpgradeCheck = 0920;
				ORGANIZATIONNAME = Riseplus;
				TargetAttributes = {
					295D1FD7200C4C1F00787E2C = {
						CreatedOnToolsVersion = 9.2;
						ProvisioningStyle = Automatic;
					};
				};
			};
			buildConfigurationList = 295D1FD3200C4C1F00787E2C /* Build configuration list for PBXProject "gis-ios" */;
			compatibilityVersion = "Xcode 8.0";
			developmentRegion = en;
			hasScannedForEncodings = 0;
			knownRegions = (
				en,
				Base,
			);
			mainGroup = 295D1FCF200C4C1F00787E2C;
			productRefGroup = 295D1FD9200C4C1F00787E2C /* Products */;
			projectDirPath = "";
			projectRoot = "";
			targets = (
				295D1FD7200C4C1F00787E2C /* gis-ios */,
			);
		};
/* End PBXProject section */

/* Begin PBXResourcesBuildPhase section */
		295D1FD6200C4C1F00787E2C /* Resources */ = {
			isa = PBXResourcesBuildPhase;
			buildActionMask = 2147483647;
			files = (
				29E2BFCF20207396000572DB /* FilterItemCell.xib in Resources */,
				2983973A202064120072EC10 /* GoogleMapsCore.framework in Resources */,
				29805E77200C7DA9009DE52B /* MenuCell.xib in Resources */,
				29805E64200C56F9009DE52B /* ThaiSansNeue_Regular.ttf in Resources */,
				29805E82200CAA02009DE52B /* KnowledgeCell.xib in Resources */,
				295D1FE9200C4C1F00787E2C /* LaunchScreen.storyboard in Resources */,
				298AFF5A200DDF5E008C0229 /* Download.storyboard in Resources */,
				29805E7B200C9CD2009DE52B /* Knowledge.storyboard in Resources */,
				2983973D202064A20072EC10 /* GoogleMaps.bundle in Resources */,
				29805E63200C56F9009DE52B /* ThaiSansNeue_Bold.ttf in Resources */,
				298AFF61200DEF0F008C0229 /* DownloadCell.xib in Resources */,
				2981E73420183D9E00E64470 /* KnowledgeSelectCell.xib in Resources */,
				295D1FE6200C4C1F00787E2C /* Assets.xcassets in Resources */,
				29E2BFD7202074C5000572DB /* FilterSectionCell.xib in Resources */,
				295D1FE1200C4C1F00787E2C /* Main.storyboard in Resources */,
			);
			runOnlyForDeploymentPostprocessing = 0;
		};
/* End PBXResourcesBuildPhase section */

/* Begin PBXShellScriptBuildPhase section */
		3A66D7B050D56F2B7B3F5F0F /* [CP] Check Pods Manifest.lock */ = {
			isa = PBXShellScriptBuildPhase;
			buildActionMask = 2147483647;
			files = (
			);
			inputPaths = (
				"${PODS_PODFILE_DIR_PATH}/Podfile.lock",
				"${PODS_ROOT}/Manifest.lock",
			);
			name = "[CP] Check Pods Manifest.lock";
			outputPaths = (
				"$(DERIVED_FILE_DIR)/Pods-gis-ios-checkManifestLockResult.txt",
			);
			runOnlyForDeploymentPostprocessing = 0;
			shellPath = /bin/sh;
			shellScript = "diff \"${PODS_PODFILE_DIR_PATH}/Podfile.lock\" \"${PODS_ROOT}/Manifest.lock\" > /dev/null\nif [ $? != 0 ] ; then\n    # print error to STDERR\n    echo \"error: The sandbox is not in sync with the Podfile.lock. Run 'pod install' or update your CocoaPods installation.\" >&2\n    exit 1\nfi\n# This output is used by Xcode 'outputs' to avoid re-running this script phase.\necho \"SUCCESS\" > \"${SCRIPT_OUTPUT_FILE_0}\"\n";
			showEnvVarsInLog = 0;
		};
		8A68987C3F4B34C70E0C009F /* [CP] Copy Pods Resources */ = {
			isa = PBXShellScriptBuildPhase;
			buildActionMask = 2147483647;
			files = (
			);
			inputPaths = (
				"${SRCROOT}/Pods/Target Support Files/Pods-gis-ios/Pods-gis-ios-resources.sh",
				"${PODS_ROOT}/GoogleMaps/Maps/Frameworks/GoogleMaps.framework/Resources/GoogleMaps.bundle",
				"${PODS_ROOT}/GooglePlaces/Frameworks/GooglePlaces.framework/Resources/GooglePlaces.bundle",
			);
			name = "[CP] Copy Pods Resources";
			outputPaths = (
				"${TARGET_BUILD_DIR}/${UNLOCALIZED_RESOURCES_FOLDER_PATH}",
			);
			runOnlyForDeploymentPostprocessing = 0;
			shellPath = /bin/sh;
			shellScript = "\"${SRCROOT}/Pods/Target Support Files/Pods-gis-ios/Pods-gis-ios-resources.sh\"\n";
			showEnvVarsInLog = 0;
		};
		FD4C288039F9DC3AE37A919C /* [CP] Embed Pods Frameworks */ = {
			isa = PBXShellScriptBuildPhase;
			buildActionMask = 2147483647;
			files = (
			);
			inputPaths = (
				"${SRCROOT}/Pods/Target Support Files/Pods-gis-ios/Pods-gis-ios-frameworks.sh",
				"${BUILT_PRODUCTS_DIR}/Pageboy/Pageboy.framework",
				"${BUILT_PRODUCTS_DIR}/SwiftHEXColors/SwiftHEXColors.framework",
				"${BUILT_PRODUCTS_DIR}/SwiftMessages/SwiftMessages.framework",
				"${BUILT_PRODUCTS_DIR}/Tabman/Tabman.framework",
			);
			name = "[CP] Embed Pods Frameworks";
			outputPaths = (
				"${TARGET_BUILD_DIR}/${FRAMEWORKS_FOLDER_PATH}/Pageboy.framework",
				"${TARGET_BUILD_DIR}/${FRAMEWORKS_FOLDER_PATH}/SwiftHEXColors.framework",
				"${TARGET_BUILD_DIR}/${FRAMEWORKS_FOLDER_PATH}/SwiftMessages.framework",
				"${TARGET_BUILD_DIR}/${FRAMEWORKS_FOLDER_PATH}/Tabman.framework",
			);
			runOnlyForDeploymentPostprocessing = 0;
			shellPath = /bin/sh;
			shellScript = "\"${SRCROOT}/Pods/Target Support Files/Pods-gis-ios/Pods-gis-ios-frameworks.sh\"\n";
			showEnvVarsInLog = 0;
		};
/* End PBXShellScriptBuildPhase section */

/* Begin PBXSourcesBuildPhase section */
		295D1FD4200C4C1F00787E2C /* Sources */ = {
			isa = PBXSourcesBuildPhase;
			buildActionMask = 2147483647;
			files = (
				295D1FE4200C4C1F00787E2C /* gis_ios.xcdatamodeld in Sources */,
				2981E73320183D9E00E64470 /* KnowledgeSelectCell.swift in Sources */,
				29805E81200CAA02009DE52B /* KnowledgeCell.swift in Sources */,
				297DDB882011925F005A26BE /* XMSegmentedControl.swift in Sources */,
				29805E66200C57BB009DE52B /* UIColor.swift in Sources */,
				298136C72019C94D00044998 /* CreateAreaController.swift in Sources */,
				297DDB8B201192C3005A26BE /* KnowledgeDetailController.swift in Sources */,
				29805E79200C7EC9009DE52B /* UICollectionView.swift in Sources */,
				295D1FDE200C4C1F00787E2C /* MapViewController.swift in Sources */,
				299C50252015CAD60030BE70 /* MyMapController.swift in Sources */,
				295D1FDC200C4C1F00787E2C /* AppDelegate.swift in Sources */,
				298AFF5C200DE59E008C0229 /* DownloadController.swift in Sources */,
				29E2BFCE20207396000572DB /* FilterItemCell.swift in Sources */,
				298AFF63200DF728008C0229 /* DownloadDetailController.swift in Sources */,
				2983973520205AD80072EC10 /* SimpleViewController.swift in Sources */,
				297DDB8D2011E120005A26BE /* PagingController.swift in Sources */,
				298AFF60200DEF0F008C0229 /* DownloadCell.swift in Sources */,
				29805E6D200C7B86009DE52B /* ExtensionMenu.swift in Sources */,
				29E2BFD6202074C5000572DB /* FilterSectionCell.swift in Sources */,
				29A03859201B2E8B002C889C /* MyMapDetailController.swift in Sources */,
				29805E84200CACF2009DE52B /* UIFont.swift in Sources */,
				29805E76200C7DA9009DE52B /* MenuCell.swift in Sources */,
				29805E86200CAF28009DE52B /* UITableView.swift in Sources */,
				29805E7D200C9E09009DE52B /* KnowledgeController.swift in Sources */,
				29805E6B200C601C009DE52B /* UIViewController.swift in Sources */,
			);
			runOnlyForDeploymentPostprocessing = 0;
		};
/* End PBXSourcesBuildPhase section */

/* Begin PBXVariantGroup section */
		295D1FDF200C4C1F00787E2C /* Main.storyboard */ = {
			isa = PBXVariantGroup;
			children = (
				295D1FE0200C4C1F00787E2C /* Base */,
			);
			name = Main.storyboard;
			sourceTree = "<group>";
		};
		295D1FE7200C4C1F00787E2C /* LaunchScreen.storyboard */ = {
			isa = PBXVariantGroup;
			children = (
				295D1FE8200C4C1F00787E2C /* Base */,
			);
			name = LaunchScreen.storyboard;
			sourceTree = "<group>";
		};
/* End PBXVariantGroup section */

/* Begin XCBuildConfiguration section */
		295D1FEB200C4C1F00787E2C /* Debug */ = {
			isa = XCBuildConfiguration;
			buildSettings = {
				ALWAYS_SEARCH_USER_PATHS = NO;
				CLANG_ANALYZER_NONNULL = YES;
				CLANG_ANALYZER_NUMBER_OBJECT_CONVERSION = YES_AGGRESSIVE;
				CLANG_CXX_LANGUAGE_STANDARD = "gnu++14";
				CLANG_CXX_LIBRARY = "libc++";
				CLANG_ENABLE_MODULES = YES;
				CLANG_ENABLE_OBJC_ARC = YES;
				CLANG_WARN_BLOCK_CAPTURE_AUTORELEASING = YES;
				CLANG_WARN_BOOL_CONVERSION = YES;
				CLANG_WARN_COMMA = YES;
				CLANG_WARN_CONSTANT_CONVERSION = YES;
				CLANG_WARN_DIRECT_OBJC_ISA_USAGE = YES_ERROR;
				CLANG_WARN_DOCUMENTATION_COMMENTS = YES;
				CLANG_WARN_EMPTY_BODY = YES;
				CLANG_WARN_ENUM_CONVERSION = YES;
				CLANG_WARN_INFINITE_RECURSION = YES;
				CLANG_WARN_INT_CONVERSION = YES;
				CLANG_WARN_NON_LITERAL_NULL_CONVERSION = YES;
				CLANG_WARN_OBJC_LITERAL_CONVERSION = YES;
				CLANG_WARN_OBJC_ROOT_CLASS = YES_ERROR;
				CLANG_WARN_RANGE_LOOP_ANALYSIS = YES;
				CLANG_WARN_STRICT_PROTOTYPES = YES;
				CLANG_WARN_SUSPICIOUS_MOVE = YES;
				CLANG_WARN_UNGUARDED_AVAILABILITY = YES_AGGRESSIVE;
				CLANG_WARN_UNREACHABLE_CODE = YES;
				CLANG_WARN__DUPLICATE_METHOD_MATCH = YES;
				CODE_SIGN_IDENTITY = "iPhone Developer";
				COPY_PHASE_STRIP = NO;
				DEBUG_INFORMATION_FORMAT = dwarf;
				ENABLE_STRICT_OBJC_MSGSEND = YES;
				ENABLE_TESTABILITY = YES;
				GCC_C_LANGUAGE_STANDARD = gnu11;
				GCC_DYNAMIC_NO_PIC = NO;
				GCC_NO_COMMON_BLOCKS = YES;
				GCC_OPTIMIZATION_LEVEL = 0;
				GCC_PREPROCESSOR_DEFINITIONS = (
					"DEBUG=1",
					"$(inherited)",
				);
				GCC_WARN_64_TO_32_BIT_CONVERSION = YES;
				GCC_WARN_ABOUT_RETURN_TYPE = YES_ERROR;
				GCC_WARN_UNDECLARED_SELECTOR = YES;
				GCC_WARN_UNINITIALIZED_AUTOS = YES_AGGRESSIVE;
				GCC_WARN_UNUSED_FUNCTION = YES;
				GCC_WARN_UNUSED_VARIABLE = YES;
				IPHONEOS_DEPLOYMENT_TARGET = 11.2;
				MTL_ENABLE_DEBUG_INFO = YES;
				ONLY_ACTIVE_ARCH = YES;
				SDKROOT = iphoneos;
				SWIFT_ACTIVE_COMPILATION_CONDITIONS = DEBUG;
				SWIFT_OPTIMIZATION_LEVEL = "-Onone";
			};
			name = Debug;
		};
		295D1FEC200C4C1F00787E2C /* Release */ = {
			isa = XCBuildConfiguration;
			buildSettings = {
				ALWAYS_SEARCH_USER_PATHS = NO;
				CLANG_ANALYZER_NONNULL = YES;
				CLANG_ANALYZER_NUMBER_OBJECT_CONVERSION = YES_AGGRESSIVE;
				CLANG_CXX_LANGUAGE_STANDARD = "gnu++14";
				CLANG_CXX_LIBRARY = "libc++";
				CLANG_ENABLE_MODULES = YES;
				CLANG_ENABLE_OBJC_ARC = YES;
				CLANG_WARN_BLOCK_CAPTURE_AUTORELEASING = YES;
				CLANG_WARN_BOOL_CONVERSION = YES;
				CLANG_WARN_COMMA = YES;
				CLANG_WARN_CONSTANT_CONVERSION = YES;
				CLANG_WARN_DIRECT_OBJC_ISA_USAGE = YES_ERROR;
				CLANG_WARN_DOCUMENTATION_COMMENTS = YES;
				CLANG_WARN_EMPTY_BODY = YES;
				CLANG_WARN_ENUM_CONVERSION = YES;
				CLANG_WARN_INFINITE_RECURSION = YES;
				CLANG_WARN_INT_CONVERSION = YES;
				CLANG_WARN_NON_LITERAL_NULL_CONVERSION = YES;
				CLANG_WARN_OBJC_LITERAL_CONVERSION = YES;
				CLANG_WARN_OBJC_ROOT_CLASS = YES_ERROR;
				CLANG_WARN_RANGE_LOOP_ANALYSIS = YES;
				CLANG_WARN_STRICT_PROTOTYPES = YES;
				CLANG_WARN_SUSPICIOUS_MOVE = YES;
				CLANG_WARN_UNGUARDED_AVAILABILITY = YES_AGGRESSIVE;
				CLANG_WARN_UNREACHABLE_CODE = YES;
				CLANG_WARN__DUPLICATE_METHOD_MATCH = YES;
				CODE_SIGN_IDENTITY = "iPhone Developer";
				COPY_PHASE_STRIP = NO;
				DEBUG_INFORMATION_FORMAT = "dwarf-with-dsym";
				ENABLE_NS_ASSERTIONS = NO;
				ENABLE_STRICT_OBJC_MSGSEND = YES;
				GCC_C_LANGUAGE_STANDARD = gnu11;
				GCC_NO_COMMON_BLOCKS = YES;
				GCC_WARN_64_TO_32_BIT_CONVERSION = YES;
				GCC_WARN_ABOUT_RETURN_TYPE = YES_ERROR;
				GCC_WARN_UNDECLARED_SELECTOR = YES;
				GCC_WARN_UNINITIALIZED_AUTOS = YES_AGGRESSIVE;
				GCC_WARN_UNUSED_FUNCTION = YES;
				GCC_WARN_UNUSED_VARIABLE = YES;
				IPHONEOS_DEPLOYMENT_TARGET = 11.2;
				MTL_ENABLE_DEBUG_INFO = NO;
				SDKROOT = iphoneos;
				SWIFT_OPTIMIZATION_LEVEL = "-Owholemodule";
				VALIDATE_PRODUCT = YES;
			};
			name = Release;
		};
		295D1FEE200C4C1F00787E2C /* Debug */ = {
			isa = XCBuildConfiguration;
			baseConfigurationReference = B84B3A8249ED09F0C38D8763 /* Pods-gis-ios.debug.xcconfig */;
			buildSettings = {
				ASSETCATALOG_COMPILER_APPICON_NAME = AppIcon;
				CODE_SIGN_STYLE = Automatic;
				DEVELOPMENT_TEAM = 4PW9TJ8V43;
				FRAMEWORK_SEARCH_PATHS = (
					"$(inherited)",
					"$(PROJECT_DIR)",
				);
				INFOPLIST_FILE = "gis-ios/Info.plist";
				LD_RUNPATH_SEARCH_PATHS = "$(inherited) @executable_path/Frameworks";
				PRODUCT_BUNDLE_IDENTIFIER = "tech.riseplus.gis-ios";
				PRODUCT_NAME = "$(TARGET_NAME)";
				SWIFT_VERSION = 4.0;
				TARGETED_DEVICE_FAMILY = "1,2";
			};
			name = Debug;
		};
		295D1FEF200C4C1F00787E2C /* Release */ = {
			isa = XCBuildConfiguration;
			baseConfigurationReference = 6DEF805261AC1EFDE370746D /* Pods-gis-ios.release.xcconfig */;
			buildSettings = {
				ASSETCATALOG_COMPILER_APPICON_NAME = AppIcon;
				CODE_SIGN_STYLE = Automatic;
				DEVELOPMENT_TEAM = 4PW9TJ8V43;
				FRAMEWORK_SEARCH_PATHS = (
					"$(inherited)",
					"$(PROJECT_DIR)",
				);
				INFOPLIST_FILE = "gis-ios/Info.plist";
				LD_RUNPATH_SEARCH_PATHS = "$(inherited) @executable_path/Frameworks";
				PRODUCT_BUNDLE_IDENTIFIER = "tech.riseplus.gis-ios";
				PRODUCT_NAME = "$(TARGET_NAME)";
				SWIFT_VERSION = 4.0;
				TARGETED_DEVICE_FAMILY = "1,2";
			};
			name = Release;
		};
/* End XCBuildConfiguration section */

/* Begin XCConfigurationList section */
		295D1FD3200C4C1F00787E2C /* Build configuration list for PBXProject "gis-ios" */ = {
			isa = XCConfigurationList;
			buildConfigurations = (
				295D1FEB200C4C1F00787E2C /* Debug */,
				295D1FEC200C4C1F00787E2C /* Release */,
			);
			defaultConfigurationIsVisible = 0;
			defaultConfigurationName = Release;
		};
		295D1FED200C4C1F00787E2C /* Build configuration list for PBXNativeTarget "gis-ios" */ = {
			isa = XCConfigurationList;
			buildConfigurations = (
				295D1FEE200C4C1F00787E2C /* Debug */,
				295D1FEF200C4C1F00787E2C /* Release */,
			);
			defaultConfigurationIsVisible = 0;
			defaultConfigurationName = Release;
		};
/* End XCConfigurationList section */

/* Begin XCVersionGroup section */
		295D1FE2200C4C1F00787E2C /* gis_ios.xcdatamodeld */ = {
			isa = XCVersionGroup;
			children = (
				295D1FE3200C4C1F00787E2C /* gis_ios.xcdatamodel */,
			);
			currentVersion = 295D1FE3200C4C1F00787E2C /* gis_ios.xcdatamodel */;
			path = gis_ios.xcdatamodeld;
			sourceTree = "<group>";
			versionGroupType = wrapper.xcdatamodel;
		};
/* End XCVersionGroup section */
	};
	rootObject = 295D1FD0200C4C1F00787E2C /* Project object */;
}
